
Microsoft Visual Studio Solution File, Format Version 12.00
# Visual Studio 2013
VisualStudioVersion = 12.0.21005.1
MinimumVisualStudioVersion = 10.0.40219.1
Project("{8BC9CEB8-8B4A-11D0-8D11-00A0C91BC942}") = "freeglut", "freeglut-2.8.1\VisualStudio\2012\freeglut.vcxproj", "{1AE4E979-0D35-4747-BF8E-DD60358F49DB}"
EndProject
Project("{8BC9CEB8-8B4A-11D0-8D11-00A0C91BC942}") = "glew_static", "glew-1.10.0\build\vc10\glew_static.vcxproj", "{664E6F0D-6784-4760-9565-D54F8EB1EDF4}"
EndProject
Project("{8BC9CEB8-8B4A-11D0-8D11-00A0C91BC942}") = "GLTools", "GLTools\GLTools.vcxproj", "{0607CF8B-CFBB-4EF5-A23C-C8D85564424C}"
EndProject
Project("{2150E333-8FDC-42A3-9474-1A3956D46DE8}") = "01", "01", "{80FF9764-E2CF-4910-96CD-0937CBDC7046}"
EndProject
Project("{8BC9CEB8-8B4A-11D0-8D11-00A0C91BC942}") = "01_Block", "projects\01_Block\01_Block.vcxproj", "{DD8881FB-EEE8-44DC-AABB-0868D9169D81}"
EndProject
Project("{8BC9CEB8-8B4A-11D0-8D11-00A0C91BC942}") = "01_Triangle", "projects\01_Triangle\01_Triangle.vcxproj", "{63368F06-5801-4A44-988B-78D7C052268F}"
EndProject
Project("{2150E333-8FDC-42A3-9474-1A3956D46DE8}") = "03", "03", "{6D76A734-4DA6-46BC-B688-00BFC1944BC2}"
EndProject
Project("{8BC9CEB8-8B4A-11D0-8D11-00A0C91BC942}") = "03_Primitieves", "projects\03_Primitieves\03_Primitieves.vcxproj", "{2BA0FFA1-8F10-4E2B-AF0E-FADD77E7158D}"
EndProject
Project("{8BC9CEB8-8B4A-11D0-8D11-00A0C91BC942}") = "03_GeoTest", "projects\03_GeoTest\03_GeoTest.vcxproj", "{B07B47B9-364F-4F92-AC93-D0EFA3976154}"
EndProject
Project("{8BC9CEB8-8B4A-11D0-8D11-00A0C91BC942}") = "03_Scissor", "projects\03_Scissor\03_Scissor.vcxproj", "{57CA74D1-05D7-41AC-805F-68E39C2B5CA3}"
EndProject
Project("{8BC9CEB8-8B4A-11D0-8D11-00A0C91BC942}") = "03_Blending", "projects\03_Blending\03_Blending.vcxproj", "{FB584ACB-DA2F-414C-8F7C-F75F22A77238}"
EndProject
Project("{8BC9CEB8-8B4A-11D0-8D11-00A0C91BC942}") = "03_Smoother", "projects\03_Smoother\03_Smoother.vcxproj", "{D6E36D41-7D16-47D6-95B5-7FE33AAF7771}"
EndProject
Project("{2150E333-8FDC-42A3-9474-1A3956D46DE8}") = "04", "04", "{72F59635-D5F2-47FE-A434-13005FAEE347}"
EndProject
Project("{8BC9CEB8-8B4A-11D0-8D11-00A0C91BC942}") = "04_Move", "projects\04_Move\04_Move.vcxproj", "{A22F9C28-A64E-40F3-AA40-F4DE5AA90034}"
EndProject
Project("{8BC9CEB8-8B4A-11D0-8D11-00A0C91BC942}") = "04_Objects", "projects\04_Objects\04_Objects.vcxproj", "{E4343A15-B53F-4E78-936D-EA84C8617538}"
EndProject
Project("{8BC9CEB8-8B4A-11D0-8D11-00A0C91BC942}") = "04_ModelViewProjection", "projects\04_ModelViewProjection\04_ModelViewProjection.vcxproj", "{D6F3FC71-C9ED-4BA2-83C4-DD0062A00354}"
EndProject
Project("{8BC9CEB8-8B4A-11D0-8D11-00A0C91BC942}") = "04_SphereWorld", "projects\04_SphereWorld\04_SphereWorld.vcxproj", "{A07DBDAB-F5CB-4F5F-8187-3E5BEF691908}"
EndProject
Project("{8BC9CEB8-8B4A-11D0-8D11-00A0C91BC942}") = "04_SphereWorld2", "projects\04_SphereWorld2\04_SphereWorld2.vcxproj", "{183ACC38-0DD2-496F-A28F-7604105B4242}"
EndProject
Project("{2150E333-8FDC-42A3-9474-1A3956D46DE8}") = "05", "05", "{4B6151D8-7333-4898-9100-97266903D824}"
EndProject
Project("{8BC9CEB8-8B4A-11D0-8D11-00A0C91BC942}") = "05_Pyramid", "projects\05_Pyramid\05_Pyramid.vcxproj", "{A5C4AE02-5D64-4975-99A6-CDE85C3878C0}"
EndProject
Project("{8BC9CEB8-8B4A-11D0-8D11-00A0C91BC942}") = "05_Tunnel", "projects\05_Tunnel\05_Tunnel.vcxproj", "{80B13209-99EE-4870-9A7C-2F5C4E119075}"
EndProject
Project("{8BC9CEB8-8B4A-11D0-8D11-00A0C91BC942}") = "05_SphereWorld", "projects\05_SphereWorld\05_SphereWorld.vcxproj", "{B810A18D-6582-4321-9070-D6C0022D02E4}"
EndProject
Project("{2150E333-8FDC-42A3-9474-1A3956D46DE8}") = "06", "06", "{ED47B282-B240-47A8-B6C8-9C10A8C1813C}"
EndProject
Project("{8BC9CEB8-8B4A-11D0-8D11-00A0C91BC942}") = "06_ShadedTriangle", "projects\06_ShadedTriangle\06_ShadedTriangle.vcxproj", "{5CE66210-5F95-461F-9CB0-F0845B045349}"
EndProject
Project("{8BC9CEB8-8B4A-11D0-8D11-00A0C91BC942}") = "06_FlatShader", "projects\06_FlatShader\06_FlatShader.vcxproj", "{ED88DBAF-795E-4B00-B223-32B28E65A5ED}"
EndProject
Project("{8BC9CEB8-8B4A-11D0-8D11-00A0C91BC942}") = "06_DiffuseLight", "projects\06_DiffuseLight\06_DiffuseLight.vcxproj", "{259FE6CF-4B33-469C-A85B-86B9A3C555C1}"
EndProject
Project("{8BC9CEB8-8B4A-11D0-8D11-00A0C91BC942}") = "06_ADSGouraud", "projects\06_ADSGouraud\06_ADSGouraud.vcxproj", "{FF92D585-735C-499A-8F3C-EF1FA5C087FD}"
EndProject
Project("{8BC9CEB8-8B4A-11D0-8D11-00A0C91BC942}") = "06_ADSPhong", "projects\06_ADSPhong\06_ADSPhong.vcxproj", "{40B3CB8D-141E-4658-8466-E6AB26D8B376}"
EndProject
Project("{8BC9CEB8-8B4A-11D0-8D11-00A0C91BC942}") = "06_TexturedTriangle", "projects\06_TexturedTriangle\06_TexturedTriangle.vcxproj", "{89331F2F-6444-462C-A954-42E0BC2DCAB5}"
EndProject
Project("{8BC9CEB8-8B4A-11D0-8D11-00A0C91BC942}") = "06_Dissolve", "projects\06_Dissolve\06_Dissolve.vcxproj", "{62DF7245-5175-4EC4-9A9A-3B541F9069D4}"
EndProject
Project("{8BC9CEB8-8B4A-11D0-8D11-00A0C91BC942}") = "06_ToonShader", "projects\06_ToonShader\06_ToonShader.vcxproj", "{04BB0F15-5D0B-4EBB-BBE7-A691EB04C6F0}"
EndProject
Project("{2150E333-8FDC-42A3-9474-1A3956D46DE8}") = "07", "07", "{472A0A85-CDE1-4B68-80B4-52D109A6B28A}"
EndProject
Project("{8BC9CEB8-8B4A-11D0-8D11-00A0C91BC942}") = "07_TextureRect", "projects\07_TextureRect\07_TextureRect.vcxproj", "{5B9CB6B5-2B99-4A18-9476-2852CBEBE4DB}"
EndProject
Project("{8BC9CEB8-8B4A-11D0-8D11-00A0C91BC942}") = "07_CubeMapped", "projects\07_CubeMapped\07_CubeMapped.vcxproj", "{06807859-C8EA-4B87-9E72-46FE532023E5}"
EndProject
Project("{8BC9CEB8-8B4A-11D0-8D11-00A0C91BC942}") = "07_MultiTexture", "projects\07_MultiTexture\07_MultiTexture.vcxproj", "{943B0830-619B-4BD0-8744-7D4A4017EE2E}"
EndProject
Project("{8BC9CEB8-8B4A-11D0-8D11-00A0C91BC942}") = "07_PointSprites", "projects\07_PointSprites\07_PointSprites.vcxproj", "{DBB04607-54A6-4E1A-A8BE-E287AD0D1EF3}"
EndProject
Project("{8BC9CEB8-8B4A-11D0-8D11-00A0C91BC942}") = "07_TextureArrays", "projects\07_TextureArrays\07_TextureArrays.vcxproj", "{EAC49BBC-971D-43C0-9F8D-AB8B3E2628C0}"
EndProject
Project("{2150E333-8FDC-42A3-9474-1A3956D46DE8}") = "08", "08", "{8668ABE5-9D50-4FC8-A948-D0D1B4359318}"
EndProject
Project("{8BC9CEB8-8B4A-11D0-8D11-00A0C91BC942}") = "08_pix_buffs", "projects\08_pix_buffs\08_pix_buffs.vcxproj", "{491227BB-E2E4-4DDC-8D41-83F5D4969A22}"
EndProject
Project("{8BC9CEB8-8B4A-11D0-8D11-00A0C91BC942}") = "08_fbo_drawbuffers", "projects\08_fbo_drawbuffers\08_fbo_drawbuffers.vcxproj", "{84C2FCC4-1FBC-4914-BD5A-94F03FA543E6}"
EndProject
Project("{8BC9CEB8-8B4A-11D0-8D11-00A0C91BC942}") = "08_fbo_textures", "projects\08_fbo_textures\08_fbo_textures.vcxproj", "{D11130A3-0260-47AC-B975-39B5D29BF095}"
EndProject
Project("{2150E333-8FDC-42A3-9474-1A3956D46DE8}") = "09", "09", "{9654558E-BA23-4805-A2C9-FE9BA6D75F1B}"
EndProject
Project("{8BC9CEB8-8B4A-11D0-8D11-00A0C91BC942}") = "09_hdr_imaging", "projects\09_hdr_imaging\09_hdr_imaging.vcxproj", "{67342613-E2E9-4FE4-9D9E-265F49AB299A}"
EndProject
Global
	GlobalSection(SolutionConfigurationPlatforms) = preSolution
		Debug MX|Win32 = Debug MX|Win32
		Debug MX|x64 = Debug MX|x64
		Debug_Static|Win32 = Debug_Static|Win32
		Debug_Static|x64 = Debug_Static|x64
		Debug|Win32 = Debug|Win32
		Debug|x64 = Debug|x64
		Release MX|Win32 = Release MX|Win32
		Release MX|x64 = Release MX|x64
		Release_Static|Win32 = Release_Static|Win32
		Release_Static|x64 = Release_Static|x64
		Release|Win32 = Release|Win32
		Release|x64 = Release|x64
	EndGlobalSection
	GlobalSection(ProjectConfigurationPlatforms) = postSolution
		{1AE4E979-0D35-4747-BF8E-DD60358F49DB}.Debug MX|Win32.ActiveCfg = Debug_Static|Win32
		{1AE4E979-0D35-4747-BF8E-DD60358F49DB}.Debug MX|Win32.Build.0 = Debug_Static|Win32
		{1AE4E979-0D35-4747-BF8E-DD60358F49DB}.Debug MX|x64.ActiveCfg = Debug_Static|x64
		{1AE4E979-0D35-4747-BF8E-DD60358F49DB}.Debug MX|x64.Build.0 = Debug_Static|x64
		{1AE4E979-0D35-4747-BF8E-DD60358F49DB}.Debug_Static|Win32.ActiveCfg = Debug_Static|Win32
		{1AE4E979-0D35-4747-BF8E-DD60358F49DB}.Debug_Static|Win32.Build.0 = Debug_Static|Win32
		{1AE4E979-0D35-4747-BF8E-DD60358F49DB}.Debug_Static|x64.ActiveCfg = Debug_Static|x64
		{1AE4E979-0D35-4747-BF8E-DD60358F49DB}.Debug_Static|x64.Build.0 = Debug_Static|x64
		{1AE4E979-0D35-4747-BF8E-DD60358F49DB}.Debug|Win32.ActiveCfg = Debug|Win32
		{1AE4E979-0D35-4747-BF8E-DD60358F49DB}.Debug|Win32.Build.0 = Debug|Win32
		{1AE4E979-0D35-4747-BF8E-DD60358F49DB}.Debug|x64.ActiveCfg = Debug|x64
		{1AE4E979-0D35-4747-BF8E-DD60358F49DB}.Debug|x64.Build.0 = Debug|x64
		{1AE4E979-0D35-4747-BF8E-DD60358F49DB}.Release MX|Win32.ActiveCfg = Release_Static|Win32
		{1AE4E979-0D35-4747-BF8E-DD60358F49DB}.Release MX|Win32.Build.0 = Release_Static|Win32
		{1AE4E979-0D35-4747-BF8E-DD60358F49DB}.Release MX|x64.ActiveCfg = Release_Static|x64
		{1AE4E979-0D35-4747-BF8E-DD60358F49DB}.Release MX|x64.Build.0 = Release_Static|x64
		{1AE4E979-0D35-4747-BF8E-DD60358F49DB}.Release_Static|Win32.ActiveCfg = Release_Static|Win32
		{1AE4E979-0D35-4747-BF8E-DD60358F49DB}.Release_Static|Win32.Build.0 = Release_Static|Win32
		{1AE4E979-0D35-4747-BF8E-DD60358F49DB}.Release_Static|x64.ActiveCfg = Release_Static|x64
		{1AE4E979-0D35-4747-BF8E-DD60358F49DB}.Release_Static|x64.Build.0 = Release_Static|x64
		{1AE4E979-0D35-4747-BF8E-DD60358F49DB}.Release|Win32.ActiveCfg = Release|Win32
		{1AE4E979-0D35-4747-BF8E-DD60358F49DB}.Release|Win32.Build.0 = Release|Win32
		{1AE4E979-0D35-4747-BF8E-DD60358F49DB}.Release|x64.ActiveCfg = Release|x64
		{1AE4E979-0D35-4747-BF8E-DD60358F49DB}.Release|x64.Build.0 = Release|x64
		{664E6F0D-6784-4760-9565-D54F8EB1EDF4}.Debug MX|Win32.ActiveCfg = Debug MX|Win32
		{664E6F0D-6784-4760-9565-D54F8EB1EDF4}.Debug MX|Win32.Build.0 = Debug MX|Win32
		{664E6F0D-6784-4760-9565-D54F8EB1EDF4}.Debug MX|x64.ActiveCfg = Debug MX|x64
		{664E6F0D-6784-4760-9565-D54F8EB1EDF4}.Debug MX|x64.Build.0 = Debug MX|x64
		{664E6F0D-6784-4760-9565-D54F8EB1EDF4}.Debug_Static|Win32.ActiveCfg = Debug MX|Win32
		{664E6F0D-6784-4760-9565-D54F8EB1EDF4}.Debug_Static|Win32.Build.0 = Debug MX|Win32
		{664E6F0D-6784-4760-9565-D54F8EB1EDF4}.Debug_Static|x64.ActiveCfg = Debug MX|x64
		{664E6F0D-6784-4760-9565-D54F8EB1EDF4}.Debug_Static|x64.Build.0 = Debug MX|x64
		{664E6F0D-6784-4760-9565-D54F8EB1EDF4}.Debug|Win32.ActiveCfg = Debug|Win32
		{664E6F0D-6784-4760-9565-D54F8EB1EDF4}.Debug|Win32.Build.0 = Debug|Win32
		{664E6F0D-6784-4760-9565-D54F8EB1EDF4}.Debug|x64.ActiveCfg = Debug|x64
		{664E6F0D-6784-4760-9565-D54F8EB1EDF4}.Debug|x64.Build.0 = Debug|x64
		{664E6F0D-6784-4760-9565-D54F8EB1EDF4}.Release MX|Win32.ActiveCfg = Release MX|Win32
		{664E6F0D-6784-4760-9565-D54F8EB1EDF4}.Release MX|Win32.Build.0 = Release MX|Win32
		{664E6F0D-6784-4760-9565-D54F8EB1EDF4}.Release MX|x64.ActiveCfg = Release MX|x64
		{664E6F0D-6784-4760-9565-D54F8EB1EDF4}.Release MX|x64.Build.0 = Release MX|x64
		{664E6F0D-6784-4760-9565-D54F8EB1EDF4}.Release_Static|Win32.ActiveCfg = Release MX|Win32
		{664E6F0D-6784-4760-9565-D54F8EB1EDF4}.Release_Static|Win32.Build.0 = Release MX|Win32
		{664E6F0D-6784-4760-9565-D54F8EB1EDF4}.Release_Static|x64.ActiveCfg = Release MX|x64
		{664E6F0D-6784-4760-9565-D54F8EB1EDF4}.Release_Static|x64.Build.0 = Release MX|x64
		{664E6F0D-6784-4760-9565-D54F8EB1EDF4}.Release|Win32.ActiveCfg = Release|Win32
		{664E6F0D-6784-4760-9565-D54F8EB1EDF4}.Release|Win32.Build.0 = Release|Win32
		{664E6F0D-6784-4760-9565-D54F8EB1EDF4}.Release|x64.ActiveCfg = Release|x64
		{664E6F0D-6784-4760-9565-D54F8EB1EDF4}.Release|x64.Build.0 = Release|x64
		{0607CF8B-CFBB-4EF5-A23C-C8D85564424C}.Debug MX|Win32.ActiveCfg = Debug|Win32
		{0607CF8B-CFBB-4EF5-A23C-C8D85564424C}.Debug MX|Win32.Build.0 = Debug|Win32
		{0607CF8B-CFBB-4EF5-A23C-C8D85564424C}.Debug MX|x64.ActiveCfg = Debug|Win32
		{0607CF8B-CFBB-4EF5-A23C-C8D85564424C}.Debug_Static|Win32.ActiveCfg = Debug|Win32
		{0607CF8B-CFBB-4EF5-A23C-C8D85564424C}.Debug_Static|Win32.Build.0 = Debug|Win32
		{0607CF8B-CFBB-4EF5-A23C-C8D85564424C}.Debug_Static|x64.ActiveCfg = Debug|Win32
		{0607CF8B-CFBB-4EF5-A23C-C8D85564424C}.Debug|Win32.ActiveCfg = Debug|Win32
		{0607CF8B-CFBB-4EF5-A23C-C8D85564424C}.Debug|Win32.Build.0 = Debug|Win32
		{0607CF8B-CFBB-4EF5-A23C-C8D85564424C}.Debug|x64.ActiveCfg = Debug|Win32
		{0607CF8B-CFBB-4EF5-A23C-C8D85564424C}.Release MX|Win32.ActiveCfg = Release|Win32
		{0607CF8B-CFBB-4EF5-A23C-C8D85564424C}.Release MX|Win32.Build.0 = Release|Win32
		{0607CF8B-CFBB-4EF5-A23C-C8D85564424C}.Release MX|x64.ActiveCfg = Release|Win32
		{0607CF8B-CFBB-4EF5-A23C-C8D85564424C}.Release_Static|Win32.ActiveCfg = Release|Win32
		{0607CF8B-CFBB-4EF5-A23C-C8D85564424C}.Release_Static|Win32.Build.0 = Release|Win32
		{0607CF8B-CFBB-4EF5-A23C-C8D85564424C}.Release_Static|x64.ActiveCfg = Release|Win32
		{0607CF8B-CFBB-4EF5-A23C-C8D85564424C}.Release|Win32.ActiveCfg = Release|Win32
		{0607CF8B-CFBB-4EF5-A23C-C8D85564424C}.Release|Win32.Build.0 = Release|Win32
		{0607CF8B-CFBB-4EF5-A23C-C8D85564424C}.Release|x64.ActiveCfg = Release|Win32
		{DD8881FB-EEE8-44DC-AABB-0868D9169D81}.Debug MX|Win32.ActiveCfg = Debug|Win32
		{DD8881FB-EEE8-44DC-AABB-0868D9169D81}.Debug MX|Win32.Build.0 = Debug|Win32
		{DD8881FB-EEE8-44DC-AABB-0868D9169D81}.Debug MX|x64.ActiveCfg = Debug|Win32
		{DD8881FB-EEE8-44DC-AABB-0868D9169D81}.Debug_Static|Win32.ActiveCfg = Debug|Win32
		{DD8881FB-EEE8-44DC-AABB-0868D9169D81}.Debug_Static|Win32.Build.0 = Debug|Win32
		{DD8881FB-EEE8-44DC-AABB-0868D9169D81}.Debug_Static|x64.ActiveCfg = Debug|Win32
		{DD8881FB-EEE8-44DC-AABB-0868D9169D81}.Debug|Win32.ActiveCfg = Debug|Win32
		{DD8881FB-EEE8-44DC-AABB-0868D9169D81}.Debug|Win32.Build.0 = Debug|Win32
		{DD8881FB-EEE8-44DC-AABB-0868D9169D81}.Debug|x64.ActiveCfg = Debug|Win32
		{DD8881FB-EEE8-44DC-AABB-0868D9169D81}.Release MX|Win32.ActiveCfg = Release|Win32
		{DD8881FB-EEE8-44DC-AABB-0868D9169D81}.Release MX|Win32.Build.0 = Release|Win32
		{DD8881FB-EEE8-44DC-AABB-0868D9169D81}.Release MX|x64.ActiveCfg = Release|Win32
		{DD8881FB-EEE8-44DC-AABB-0868D9169D81}.Release_Static|Win32.ActiveCfg = Release|Win32
		{DD8881FB-EEE8-44DC-AABB-0868D9169D81}.Release_Static|Win32.Build.0 = Release|Win32
		{DD8881FB-EEE8-44DC-AABB-0868D9169D81}.Release_Static|x64.ActiveCfg = Release|Win32
		{DD8881FB-EEE8-44DC-AABB-0868D9169D81}.Release|Win32.ActiveCfg = Release|Win32
		{DD8881FB-EEE8-44DC-AABB-0868D9169D81}.Release|Win32.Build.0 = Release|Win32
		{DD8881FB-EEE8-44DC-AABB-0868D9169D81}.Release|x64.ActiveCfg = Release|Win32
		{63368F06-5801-4A44-988B-78D7C052268F}.Debug MX|Win32.ActiveCfg = Debug|Win32
		{63368F06-5801-4A44-988B-78D7C052268F}.Debug MX|Win32.Build.0 = Debug|Win32
		{63368F06-5801-4A44-988B-78D7C052268F}.Debug MX|x64.ActiveCfg = Debug|Win32
		{63368F06-5801-4A44-988B-78D7C052268F}.Debug_Static|Win32.ActiveCfg = Debug|Win32
		{63368F06-5801-4A44-988B-78D7C052268F}.Debug_Static|Win32.Build.0 = Debug|Win32
		{63368F06-5801-4A44-988B-78D7C052268F}.Debug_Static|x64.ActiveCfg = Debug|Win32
		{63368F06-5801-4A44-988B-78D7C052268F}.Debug|Win32.ActiveCfg = Debug|Win32
		{63368F06-5801-4A44-988B-78D7C052268F}.Debug|Win32.Build.0 = Debug|Win32
		{63368F06-5801-4A44-988B-78D7C052268F}.Debug|x64.ActiveCfg = Debug|Win32
		{63368F06-5801-4A44-988B-78D7C052268F}.Release MX|Win32.ActiveCfg = Release|Win32
		{63368F06-5801-4A44-988B-78D7C052268F}.Release MX|Win32.Build.0 = Release|Win32
		{63368F06-5801-4A44-988B-78D7C052268F}.Release MX|x64.ActiveCfg = Release|Win32
		{63368F06-5801-4A44-988B-78D7C052268F}.Release_Static|Win32.ActiveCfg = Release|Win32
		{63368F06-5801-4A44-988B-78D7C052268F}.Release_Static|Win32.Build.0 = Release|Win32
		{63368F06-5801-4A44-988B-78D7C052268F}.Release_Static|x64.ActiveCfg = Release|Win32
		{63368F06-5801-4A44-988B-78D7C052268F}.Release|Win32.ActiveCfg = Release|Win32
		{63368F06-5801-4A44-988B-78D7C052268F}.Release|Win32.Build.0 = Release|Win32
		{63368F06-5801-4A44-988B-78D7C052268F}.Release|x64.ActiveCfg = Release|Win32
		{2BA0FFA1-8F10-4E2B-AF0E-FADD77E7158D}.Debug MX|Win32.ActiveCfg = Debug|Win32
		{2BA0FFA1-8F10-4E2B-AF0E-FADD77E7158D}.Debug MX|Win32.Build.0 = Debug|Win32
		{2BA0FFA1-8F10-4E2B-AF0E-FADD77E7158D}.Debug MX|x64.ActiveCfg = Debug|Win32
		{2BA0FFA1-8F10-4E2B-AF0E-FADD77E7158D}.Debug_Static|Win32.ActiveCfg = Debug|Win32
		{2BA0FFA1-8F10-4E2B-AF0E-FADD77E7158D}.Debug_Static|Win32.Build.0 = Debug|Win32
		{2BA0FFA1-8F10-4E2B-AF0E-FADD77E7158D}.Debug_Static|x64.ActiveCfg = Debug|Win32
		{2BA0FFA1-8F10-4E2B-AF0E-FADD77E7158D}.Debug|Win32.ActiveCfg = Debug|Win32
		{2BA0FFA1-8F10-4E2B-AF0E-FADD77E7158D}.Debug|Win32.Build.0 = Debug|Win32
		{2BA0FFA1-8F10-4E2B-AF0E-FADD77E7158D}.Debug|x64.ActiveCfg = Debug|Win32
		{2BA0FFA1-8F10-4E2B-AF0E-FADD77E7158D}.Release MX|Win32.ActiveCfg = Release|Win32
		{2BA0FFA1-8F10-4E2B-AF0E-FADD77E7158D}.Release MX|Win32.Build.0 = Release|Win32
		{2BA0FFA1-8F10-4E2B-AF0E-FADD77E7158D}.Release MX|x64.ActiveCfg = Release|Win32
		{2BA0FFA1-8F10-4E2B-AF0E-FADD77E7158D}.Release_Static|Win32.ActiveCfg = Release|Win32
		{2BA0FFA1-8F10-4E2B-AF0E-FADD77E7158D}.Release_Static|Win32.Build.0 = Release|Win32
		{2BA0FFA1-8F10-4E2B-AF0E-FADD77E7158D}.Release_Static|x64.ActiveCfg = Release|Win32
		{2BA0FFA1-8F10-4E2B-AF0E-FADD77E7158D}.Release|Win32.ActiveCfg = Release|Win32
		{2BA0FFA1-8F10-4E2B-AF0E-FADD77E7158D}.Release|Win32.Build.0 = Release|Win32
		{2BA0FFA1-8F10-4E2B-AF0E-FADD77E7158D}.Release|x64.ActiveCfg = Release|Win32
		{B07B47B9-364F-4F92-AC93-D0EFA3976154}.Debug MX|Win32.ActiveCfg = Debug|Win32
		{B07B47B9-364F-4F92-AC93-D0EFA3976154}.Debug MX|Win32.Build.0 = Debug|Win32
		{B07B47B9-364F-4F92-AC93-D0EFA3976154}.Debug MX|x64.ActiveCfg = Debug|Win32
		{B07B47B9-364F-4F92-AC93-D0EFA3976154}.Debug_Static|Win32.ActiveCfg = Debug|Win32
		{B07B47B9-364F-4F92-AC93-D0EFA3976154}.Debug_Static|Win32.Build.0 = Debug|Win32
		{B07B47B9-364F-4F92-AC93-D0EFA3976154}.Debug_Static|x64.ActiveCfg = Debug|Win32
		{B07B47B9-364F-4F92-AC93-D0EFA3976154}.Debug|Win32.ActiveCfg = Debug|Win32
		{B07B47B9-364F-4F92-AC93-D0EFA3976154}.Debug|Win32.Build.0 = Debug|Win32
		{B07B47B9-364F-4F92-AC93-D0EFA3976154}.Debug|x64.ActiveCfg = Debug|Win32
		{B07B47B9-364F-4F92-AC93-D0EFA3976154}.Release MX|Win32.ActiveCfg = Release|Win32
		{B07B47B9-364F-4F92-AC93-D0EFA3976154}.Release MX|Win32.Build.0 = Release|Win32
		{B07B47B9-364F-4F92-AC93-D0EFA3976154}.Release MX|x64.ActiveCfg = Release|Win32
		{B07B47B9-364F-4F92-AC93-D0EFA3976154}.Release_Static|Win32.ActiveCfg = Release|Win32
		{B07B47B9-364F-4F92-AC93-D0EFA3976154}.Release_Static|Win32.Build.0 = Release|Win32
		{B07B47B9-364F-4F92-AC93-D0EFA3976154}.Release_Static|x64.ActiveCfg = Release|Win32
		{B07B47B9-364F-4F92-AC93-D0EFA3976154}.Release|Win32.ActiveCfg = Release|Win32
		{B07B47B9-364F-4F92-AC93-D0EFA3976154}.Release|Win32.Build.0 = Release|Win32
		{B07B47B9-364F-4F92-AC93-D0EFA3976154}.Release|x64.ActiveCfg = Release|Win32
		{57CA74D1-05D7-41AC-805F-68E39C2B5CA3}.Debug MX|Win32.ActiveCfg = Debug|Win32
		{57CA74D1-05D7-41AC-805F-68E39C2B5CA3}.Debug MX|Win32.Build.0 = Debug|Win32
		{57CA74D1-05D7-41AC-805F-68E39C2B5CA3}.Debug MX|x64.ActiveCfg = Debug|Win32
		{57CA74D1-05D7-41AC-805F-68E39C2B5CA3}.Debug_Static|Win32.ActiveCfg = Debug|Win32
		{57CA74D1-05D7-41AC-805F-68E39C2B5CA3}.Debug_Static|Win32.Build.0 = Debug|Win32
		{57CA74D1-05D7-41AC-805F-68E39C2B5CA3}.Debug_Static|x64.ActiveCfg = Debug|Win32
		{57CA74D1-05D7-41AC-805F-68E39C2B5CA3}.Debug|Win32.ActiveCfg = Debug|Win32
		{57CA74D1-05D7-41AC-805F-68E39C2B5CA3}.Debug|Win32.Build.0 = Debug|Win32
		{57CA74D1-05D7-41AC-805F-68E39C2B5CA3}.Debug|x64.ActiveCfg = Debug|Win32
		{57CA74D1-05D7-41AC-805F-68E39C2B5CA3}.Release MX|Win32.ActiveCfg = Release|Win32
		{57CA74D1-05D7-41AC-805F-68E39C2B5CA3}.Release MX|Win32.Build.0 = Release|Win32
		{57CA74D1-05D7-41AC-805F-68E39C2B5CA3}.Release MX|x64.ActiveCfg = Release|Win32
		{57CA74D1-05D7-41AC-805F-68E39C2B5CA3}.Release_Static|Win32.ActiveCfg = Release|Win32
		{57CA74D1-05D7-41AC-805F-68E39C2B5CA3}.Release_Static|Win32.Build.0 = Release|Win32
		{57CA74D1-05D7-41AC-805F-68E39C2B5CA3}.Release_Static|x64.ActiveCfg = Release|Win32
		{57CA74D1-05D7-41AC-805F-68E39C2B5CA3}.Release|Win32.ActiveCfg = Release|Win32
		{57CA74D1-05D7-41AC-805F-68E39C2B5CA3}.Release|Win32.Build.0 = Release|Win32
		{57CA74D1-05D7-41AC-805F-68E39C2B5CA3}.Release|x64.ActiveCfg = Release|Win32
		{FB584ACB-DA2F-414C-8F7C-F75F22A77238}.Debug MX|Win32.ActiveCfg = Debug|Win32
		{FB584ACB-DA2F-414C-8F7C-F75F22A77238}.Debug MX|Win32.Build.0 = Debug|Win32
		{FB584ACB-DA2F-414C-8F7C-F75F22A77238}.Debug MX|x64.ActiveCfg = Debug|Win32
		{FB584ACB-DA2F-414C-8F7C-F75F22A77238}.Debug_Static|Win32.ActiveCfg = Debug|Win32
		{FB584ACB-DA2F-414C-8F7C-F75F22A77238}.Debug_Static|Win32.Build.0 = Debug|Win32
		{FB584ACB-DA2F-414C-8F7C-F75F22A77238}.Debug_Static|x64.ActiveCfg = Debug|Win32
		{FB584ACB-DA2F-414C-8F7C-F75F22A77238}.Debug|Win32.ActiveCfg = Debug|Win32
		{FB584ACB-DA2F-414C-8F7C-F75F22A77238}.Debug|Win32.Build.0 = Debug|Win32
		{FB584ACB-DA2F-414C-8F7C-F75F22A77238}.Debug|x64.ActiveCfg = Debug|Win32
		{FB584ACB-DA2F-414C-8F7C-F75F22A77238}.Release MX|Win32.ActiveCfg = Release|Win32
		{FB584ACB-DA2F-414C-8F7C-F75F22A77238}.Release MX|Win32.Build.0 = Release|Win32
		{FB584ACB-DA2F-414C-8F7C-F75F22A77238}.Release MX|x64.ActiveCfg = Release|Win32
		{FB584ACB-DA2F-414C-8F7C-F75F22A77238}.Release_Static|Win32.ActiveCfg = Release|Win32
		{FB584ACB-DA2F-414C-8F7C-F75F22A77238}.Release_Static|Win32.Build.0 = Release|Win32
		{FB584ACB-DA2F-414C-8F7C-F75F22A77238}.Release_Static|x64.ActiveCfg = Release|Win32
		{FB584ACB-DA2F-414C-8F7C-F75F22A77238}.Release|Win32.ActiveCfg = Release|Win32
		{FB584ACB-DA2F-414C-8F7C-F75F22A77238}.Release|Win32.Build.0 = Release|Win32
		{FB584ACB-DA2F-414C-8F7C-F75F22A77238}.Release|x64.ActiveCfg = Release|Win32
		{D6E36D41-7D16-47D6-95B5-7FE33AAF7771}.Debug MX|Win32.ActiveCfg = Debug|Win32
		{D6E36D41-7D16-47D6-95B5-7FE33AAF7771}.Debug MX|Win32.Build.0 = Debug|Win32
		{D6E36D41-7D16-47D6-95B5-7FE33AAF7771}.Debug MX|x64.ActiveCfg = Debug|Win32
		{D6E36D41-7D16-47D6-95B5-7FE33AAF7771}.Debug_Static|Win32.ActiveCfg = Debug|Win32
		{D6E36D41-7D16-47D6-95B5-7FE33AAF7771}.Debug_Static|Win32.Build.0 = Debug|Win32
		{D6E36D41-7D16-47D6-95B5-7FE33AAF7771}.Debug_Static|x64.ActiveCfg = Debug|Win32
		{D6E36D41-7D16-47D6-95B5-7FE33AAF7771}.Debug|Win32.ActiveCfg = Debug|Win32
		{D6E36D41-7D16-47D6-95B5-7FE33AAF7771}.Debug|Win32.Build.0 = Debug|Win32
		{D6E36D41-7D16-47D6-95B5-7FE33AAF7771}.Debug|x64.ActiveCfg = Debug|Win32
		{D6E36D41-7D16-47D6-95B5-7FE33AAF7771}.Release MX|Win32.ActiveCfg = Release|Win32
		{D6E36D41-7D16-47D6-95B5-7FE33AAF7771}.Release MX|Win32.Build.0 = Release|Win32
		{D6E36D41-7D16-47D6-95B5-7FE33AAF7771}.Release MX|x64.ActiveCfg = Release|Win32
		{D6E36D41-7D16-47D6-95B5-7FE33AAF7771}.Release_Static|Win32.ActiveCfg = Release|Win32
		{D6E36D41-7D16-47D6-95B5-7FE33AAF7771}.Release_Static|Win32.Build.0 = Release|Win32
		{D6E36D41-7D16-47D6-95B5-7FE33AAF7771}.Release_Static|x64.ActiveCfg = Release|Win32
		{D6E36D41-7D16-47D6-95B5-7FE33AAF7771}.Release|Win32.ActiveCfg = Release|Win32
		{D6E36D41-7D16-47D6-95B5-7FE33AAF7771}.Release|Win32.Build.0 = Release|Win32
		{D6E36D41-7D16-47D6-95B5-7FE33AAF7771}.Release|x64.ActiveCfg = Release|Win32
		{A22F9C28-A64E-40F3-AA40-F4DE5AA90034}.Debug MX|Win32.ActiveCfg = Debug|Win32
		{A22F9C28-A64E-40F3-AA40-F4DE5AA90034}.Debug MX|Win32.Build.0 = Debug|Win32
		{A22F9C28-A64E-40F3-AA40-F4DE5AA90034}.Debug MX|x64.ActiveCfg = Debug|Win32
		{A22F9C28-A64E-40F3-AA40-F4DE5AA90034}.Debug_Static|Win32.ActiveCfg = Debug|Win32
		{A22F9C28-A64E-40F3-AA40-F4DE5AA90034}.Debug_Static|Win32.Build.0 = Debug|Win32
		{A22F9C28-A64E-40F3-AA40-F4DE5AA90034}.Debug_Static|x64.ActiveCfg = Debug|Win32
		{A22F9C28-A64E-40F3-AA40-F4DE5AA90034}.Debug|Win32.ActiveCfg = Debug|Win32
		{A22F9C28-A64E-40F3-AA40-F4DE5AA90034}.Debug|Win32.Build.0 = Debug|Win32
		{A22F9C28-A64E-40F3-AA40-F4DE5AA90034}.Debug|x64.ActiveCfg = Debug|Win32
		{A22F9C28-A64E-40F3-AA40-F4DE5AA90034}.Release MX|Win32.ActiveCfg = Release|Win32
		{A22F9C28-A64E-40F3-AA40-F4DE5AA90034}.Release MX|Win32.Build.0 = Release|Win32
		{A22F9C28-A64E-40F3-AA40-F4DE5AA90034}.Release MX|x64.ActiveCfg = Release|Win32
		{A22F9C28-A64E-40F3-AA40-F4DE5AA90034}.Release_Static|Win32.ActiveCfg = Release|Win32
		{A22F9C28-A64E-40F3-AA40-F4DE5AA90034}.Release_Static|Win32.Build.0 = Release|Win32
		{A22F9C28-A64E-40F3-AA40-F4DE5AA90034}.Release_Static|x64.ActiveCfg = Release|Win32
		{A22F9C28-A64E-40F3-AA40-F4DE5AA90034}.Release|Win32.ActiveCfg = Release|Win32
		{A22F9C28-A64E-40F3-AA40-F4DE5AA90034}.Release|Win32.Build.0 = Release|Win32
		{A22F9C28-A64E-40F3-AA40-F4DE5AA90034}.Release|x64.ActiveCfg = Release|Win32
		{E4343A15-B53F-4E78-936D-EA84C8617538}.Debug MX|Win32.ActiveCfg = Debug|Win32
		{E4343A15-B53F-4E78-936D-EA84C8617538}.Debug MX|Win32.Build.0 = Debug|Win32
		{E4343A15-B53F-4E78-936D-EA84C8617538}.Debug MX|x64.ActiveCfg = Debug|Win32
		{E4343A15-B53F-4E78-936D-EA84C8617538}.Debug_Static|Win32.ActiveCfg = Debug|Win32
		{E4343A15-B53F-4E78-936D-EA84C8617538}.Debug_Static|Win32.Build.0 = Debug|Win32
		{E4343A15-B53F-4E78-936D-EA84C8617538}.Debug_Static|x64.ActiveCfg = Debug|Win32
		{E4343A15-B53F-4E78-936D-EA84C8617538}.Debug|Win32.ActiveCfg = Debug|Win32
		{E4343A15-B53F-4E78-936D-EA84C8617538}.Debug|Win32.Build.0 = Debug|Win32
		{E4343A15-B53F-4E78-936D-EA84C8617538}.Debug|x64.ActiveCfg = Debug|Win32
		{E4343A15-B53F-4E78-936D-EA84C8617538}.Release MX|Win32.ActiveCfg = Release|Win32
		{E4343A15-B53F-4E78-936D-EA84C8617538}.Release MX|Win32.Build.0 = Release|Win32
		{E4343A15-B53F-4E78-936D-EA84C8617538}.Release MX|x64.ActiveCfg = Release|Win32
		{E4343A15-B53F-4E78-936D-EA84C8617538}.Release_Static|Win32.ActiveCfg = Release|Win32
		{E4343A15-B53F-4E78-936D-EA84C8617538}.Release_Static|Win32.Build.0 = Release|Win32
		{E4343A15-B53F-4E78-936D-EA84C8617538}.Release_Static|x64.ActiveCfg = Release|Win32
		{E4343A15-B53F-4E78-936D-EA84C8617538}.Release|Win32.ActiveCfg = Release|Win32
		{E4343A15-B53F-4E78-936D-EA84C8617538}.Release|Win32.Build.0 = Release|Win32
		{E4343A15-B53F-4E78-936D-EA84C8617538}.Release|x64.ActiveCfg = Release|Win32
		{D6F3FC71-C9ED-4BA2-83C4-DD0062A00354}.Debug MX|Win32.ActiveCfg = Debug|Win32
		{D6F3FC71-C9ED-4BA2-83C4-DD0062A00354}.Debug MX|Win32.Build.0 = Debug|Win32
		{D6F3FC71-C9ED-4BA2-83C4-DD0062A00354}.Debug MX|x64.ActiveCfg = Debug|Win32
		{D6F3FC71-C9ED-4BA2-83C4-DD0062A00354}.Debug_Static|Win32.ActiveCfg = Debug|Win32
		{D6F3FC71-C9ED-4BA2-83C4-DD0062A00354}.Debug_Static|Win32.Build.0 = Debug|Win32
		{D6F3FC71-C9ED-4BA2-83C4-DD0062A00354}.Debug_Static|x64.ActiveCfg = Debug|Win32
		{D6F3FC71-C9ED-4BA2-83C4-DD0062A00354}.Debug|Win32.ActiveCfg = Debug|Win32
		{D6F3FC71-C9ED-4BA2-83C4-DD0062A00354}.Debug|Win32.Build.0 = Debug|Win32
		{D6F3FC71-C9ED-4BA2-83C4-DD0062A00354}.Debug|x64.ActiveCfg = Debug|Win32
		{D6F3FC71-C9ED-4BA2-83C4-DD0062A00354}.Release MX|Win32.ActiveCfg = Release|Win32
		{D6F3FC71-C9ED-4BA2-83C4-DD0062A00354}.Release MX|Win32.Build.0 = Release|Win32
		{D6F3FC71-C9ED-4BA2-83C4-DD0062A00354}.Release MX|x64.ActiveCfg = Release|Win32
		{D6F3FC71-C9ED-4BA2-83C4-DD0062A00354}.Release_Static|Win32.ActiveCfg = Release|Win32
		{D6F3FC71-C9ED-4BA2-83C4-DD0062A00354}.Release_Static|Win32.Build.0 = Release|Win32
		{D6F3FC71-C9ED-4BA2-83C4-DD0062A00354}.Release_Static|x64.ActiveCfg = Release|Win32
		{D6F3FC71-C9ED-4BA2-83C4-DD0062A00354}.Release|Win32.ActiveCfg = Release|Win32
		{D6F3FC71-C9ED-4BA2-83C4-DD0062A00354}.Release|Win32.Build.0 = Release|Win32
		{D6F3FC71-C9ED-4BA2-83C4-DD0062A00354}.Release|x64.ActiveCfg = Release|Win32
		{A07DBDAB-F5CB-4F5F-8187-3E5BEF691908}.Debug MX|Win32.ActiveCfg = Debug|Win32
		{A07DBDAB-F5CB-4F5F-8187-3E5BEF691908}.Debug MX|Win32.Build.0 = Debug|Win32
		{A07DBDAB-F5CB-4F5F-8187-3E5BEF691908}.Debug MX|x64.ActiveCfg = Debug|Win32
		{A07DBDAB-F5CB-4F5F-8187-3E5BEF691908}.Debug_Static|Win32.ActiveCfg = Debug|Win32
		{A07DBDAB-F5CB-4F5F-8187-3E5BEF691908}.Debug_Static|Win32.Build.0 = Debug|Win32
		{A07DBDAB-F5CB-4F5F-8187-3E5BEF691908}.Debug_Static|x64.ActiveCfg = Debug|Win32
		{A07DBDAB-F5CB-4F5F-8187-3E5BEF691908}.Debug|Win32.ActiveCfg = Debug|Win32
		{A07DBDAB-F5CB-4F5F-8187-3E5BEF691908}.Debug|Win32.Build.0 = Debug|Win32
		{A07DBDAB-F5CB-4F5F-8187-3E5BEF691908}.Debug|x64.ActiveCfg = Debug|Win32
		{A07DBDAB-F5CB-4F5F-8187-3E5BEF691908}.Release MX|Win32.ActiveCfg = Release|Win32
		{A07DBDAB-F5CB-4F5F-8187-3E5BEF691908}.Release MX|Win32.Build.0 = Release|Win32
		{A07DBDAB-F5CB-4F5F-8187-3E5BEF691908}.Release MX|x64.ActiveCfg = Release|Win32
		{A07DBDAB-F5CB-4F5F-8187-3E5BEF691908}.Release_Static|Win32.ActiveCfg = Release|Win32
		{A07DBDAB-F5CB-4F5F-8187-3E5BEF691908}.Release_Static|Win32.Build.0 = Release|Win32
		{A07DBDAB-F5CB-4F5F-8187-3E5BEF691908}.Release_Static|x64.ActiveCfg = Release|Win32
		{A07DBDAB-F5CB-4F5F-8187-3E5BEF691908}.Release|Win32.ActiveCfg = Release|Win32
		{A07DBDAB-F5CB-4F5F-8187-3E5BEF691908}.Release|Win32.Build.0 = Release|Win32
		{A07DBDAB-F5CB-4F5F-8187-3E5BEF691908}.Release|x64.ActiveCfg = Release|Win32
		{183ACC38-0DD2-496F-A28F-7604105B4242}.Debug MX|Win32.ActiveCfg = Debug|Win32
		{183ACC38-0DD2-496F-A28F-7604105B4242}.Debug MX|Win32.Build.0 = Debug|Win32
		{183ACC38-0DD2-496F-A28F-7604105B4242}.Debug MX|x64.ActiveCfg = Debug|Win32
		{183ACC38-0DD2-496F-A28F-7604105B4242}.Debug_Static|Win32.ActiveCfg = Debug|Win32
		{183ACC38-0DD2-496F-A28F-7604105B4242}.Debug_Static|Win32.Build.0 = Debug|Win32
		{183ACC38-0DD2-496F-A28F-7604105B4242}.Debug_Static|x64.ActiveCfg = Debug|Win32
		{183ACC38-0DD2-496F-A28F-7604105B4242}.Debug|Win32.ActiveCfg = Debug|Win32
		{183ACC38-0DD2-496F-A28F-7604105B4242}.Debug|Win32.Build.0 = Debug|Win32
		{183ACC38-0DD2-496F-A28F-7604105B4242}.Debug|x64.ActiveCfg = Debug|Win32
		{183ACC38-0DD2-496F-A28F-7604105B4242}.Release MX|Win32.ActiveCfg = Release|Win32
		{183ACC38-0DD2-496F-A28F-7604105B4242}.Release MX|Win32.Build.0 = Release|Win32
		{183ACC38-0DD2-496F-A28F-7604105B4242}.Release MX|x64.ActiveCfg = Release|Win32
		{183ACC38-0DD2-496F-A28F-7604105B4242}.Release_Static|Win32.ActiveCfg = Release|Win32
		{183ACC38-0DD2-496F-A28F-7604105B4242}.Release_Static|Win32.Build.0 = Release|Win32
		{183ACC38-0DD2-496F-A28F-7604105B4242}.Release_Static|x64.ActiveCfg = Release|Win32
		{183ACC38-0DD2-496F-A28F-7604105B4242}.Release|Win32.ActiveCfg = Release|Win32
		{183ACC38-0DD2-496F-A28F-7604105B4242}.Release|Win32.Build.0 = Release|Win32
		{183ACC38-0DD2-496F-A28F-7604105B4242}.Release|x64.ActiveCfg = Release|Win32
		{A5C4AE02-5D64-4975-99A6-CDE85C3878C0}.Debug MX|Win32.ActiveCfg = Debug|Win32
		{A5C4AE02-5D64-4975-99A6-CDE85C3878C0}.Debug MX|Win32.Build.0 = Debug|Win32
		{A5C4AE02-5D64-4975-99A6-CDE85C3878C0}.Debug MX|x64.ActiveCfg = Debug|Win32
		{A5C4AE02-5D64-4975-99A6-CDE85C3878C0}.Debug_Static|Win32.ActiveCfg = Debug|Win32
		{A5C4AE02-5D64-4975-99A6-CDE85C3878C0}.Debug_Static|Win32.Build.0 = Debug|Win32
		{A5C4AE02-5D64-4975-99A6-CDE85C3878C0}.Debug_Static|x64.ActiveCfg = Debug|Win32
		{A5C4AE02-5D64-4975-99A6-CDE85C3878C0}.Debug|Win32.ActiveCfg = Debug|Win32
		{A5C4AE02-5D64-4975-99A6-CDE85C3878C0}.Debug|Win32.Build.0 = Debug|Win32
		{A5C4AE02-5D64-4975-99A6-CDE85C3878C0}.Debug|x64.ActiveCfg = Debug|Win32
		{A5C4AE02-5D64-4975-99A6-CDE85C3878C0}.Release MX|Win32.ActiveCfg = Release|Win32
		{A5C4AE02-5D64-4975-99A6-CDE85C3878C0}.Release MX|Win32.Build.0 = Release|Win32
		{A5C4AE02-5D64-4975-99A6-CDE85C3878C0}.Release MX|x64.ActiveCfg = Release|Win32
		{A5C4AE02-5D64-4975-99A6-CDE85C3878C0}.Release_Static|Win32.ActiveCfg = Release|Win32
		{A5C4AE02-5D64-4975-99A6-CDE85C3878C0}.Release_Static|Win32.Build.0 = Release|Win32
		{A5C4AE02-5D64-4975-99A6-CDE85C3878C0}.Release_Static|x64.ActiveCfg = Release|Win32
		{A5C4AE02-5D64-4975-99A6-CDE85C3878C0}.Release|Win32.ActiveCfg = Release|Win32
		{A5C4AE02-5D64-4975-99A6-CDE85C3878C0}.Release|Win32.Build.0 = Release|Win32
		{A5C4AE02-5D64-4975-99A6-CDE85C3878C0}.Release|x64.ActiveCfg = Release|Win32
		{80B13209-99EE-4870-9A7C-2F5C4E119075}.Debug MX|Win32.ActiveCfg = Debug|Win32
		{80B13209-99EE-4870-9A7C-2F5C4E119075}.Debug MX|Win32.Build.0 = Debug|Win32
		{80B13209-99EE-4870-9A7C-2F5C4E119075}.Debug MX|x64.ActiveCfg = Debug|Win32
		{80B13209-99EE-4870-9A7C-2F5C4E119075}.Debug_Static|Win32.ActiveCfg = Debug|Win32
		{80B13209-99EE-4870-9A7C-2F5C4E119075}.Debug_Static|Win32.Build.0 = Debug|Win32
		{80B13209-99EE-4870-9A7C-2F5C4E119075}.Debug_Static|x64.ActiveCfg = Debug|Win32
		{80B13209-99EE-4870-9A7C-2F5C4E119075}.Debug|Win32.ActiveCfg = Debug|Win32
		{80B13209-99EE-4870-9A7C-2F5C4E119075}.Debug|Win32.Build.0 = Debug|Win32
		{80B13209-99EE-4870-9A7C-2F5C4E119075}.Debug|x64.ActiveCfg = Debug|Win32
		{80B13209-99EE-4870-9A7C-2F5C4E119075}.Release MX|Win32.ActiveCfg = Release|Win32
		{80B13209-99EE-4870-9A7C-2F5C4E119075}.Release MX|Win32.Build.0 = Release|Win32
		{80B13209-99EE-4870-9A7C-2F5C4E119075}.Release MX|x64.ActiveCfg = Release|Win32
		{80B13209-99EE-4870-9A7C-2F5C4E119075}.Release_Static|Win32.ActiveCfg = Release|Win32
		{80B13209-99EE-4870-9A7C-2F5C4E119075}.Release_Static|Win32.Build.0 = Release|Win32
		{80B13209-99EE-4870-9A7C-2F5C4E119075}.Release_Static|x64.ActiveCfg = Release|Win32
		{80B13209-99EE-4870-9A7C-2F5C4E119075}.Release|Win32.ActiveCfg = Release|Win32
		{80B13209-99EE-4870-9A7C-2F5C4E119075}.Release|Win32.Build.0 = Release|Win32
		{80B13209-99EE-4870-9A7C-2F5C4E119075}.Release|x64.ActiveCfg = Release|Win32
		{B810A18D-6582-4321-9070-D6C0022D02E4}.Debug MX|Win32.ActiveCfg = Debug|Win32
		{B810A18D-6582-4321-9070-D6C0022D02E4}.Debug MX|Win32.Build.0 = Debug|Win32
		{B810A18D-6582-4321-9070-D6C0022D02E4}.Debug MX|x64.ActiveCfg = Debug|Win32
		{B810A18D-6582-4321-9070-D6C0022D02E4}.Debug_Static|Win32.ActiveCfg = Debug|Win32
		{B810A18D-6582-4321-9070-D6C0022D02E4}.Debug_Static|Win32.Build.0 = Debug|Win32
		{B810A18D-6582-4321-9070-D6C0022D02E4}.Debug_Static|x64.ActiveCfg = Debug|Win32
		{B810A18D-6582-4321-9070-D6C0022D02E4}.Debug|Win32.ActiveCfg = Debug|Win32
		{B810A18D-6582-4321-9070-D6C0022D02E4}.Debug|Win32.Build.0 = Debug|Win32
		{B810A18D-6582-4321-9070-D6C0022D02E4}.Debug|x64.ActiveCfg = Debug|Win32
		{B810A18D-6582-4321-9070-D6C0022D02E4}.Release MX|Win32.ActiveCfg = Release|Win32
		{B810A18D-6582-4321-9070-D6C0022D02E4}.Release MX|Win32.Build.0 = Release|Win32
		{B810A18D-6582-4321-9070-D6C0022D02E4}.Release MX|x64.ActiveCfg = Release|Win32
		{B810A18D-6582-4321-9070-D6C0022D02E4}.Release_Static|Win32.ActiveCfg = Release|Win32
		{B810A18D-6582-4321-9070-D6C0022D02E4}.Release_Static|Win32.Build.0 = Release|Win32
		{B810A18D-6582-4321-9070-D6C0022D02E4}.Release_Static|x64.ActiveCfg = Release|Win32
		{B810A18D-6582-4321-9070-D6C0022D02E4}.Release|Win32.ActiveCfg = Release|Win32
		{B810A18D-6582-4321-9070-D6C0022D02E4}.Release|Win32.Build.0 = Release|Win32
		{B810A18D-6582-4321-9070-D6C0022D02E4}.Release|x64.ActiveCfg = Release|Win32
		{5CE66210-5F95-461F-9CB0-F0845B045349}.Debug MX|Win32.ActiveCfg = Debug|Win32
		{5CE66210-5F95-461F-9CB0-F0845B045349}.Debug MX|Win32.Build.0 = Debug|Win32
		{5CE66210-5F95-461F-9CB0-F0845B045349}.Debug MX|x64.ActiveCfg = Debug|Win32
		{5CE66210-5F95-461F-9CB0-F0845B045349}.Debug_Static|Win32.ActiveCfg = Debug|Win32
		{5CE66210-5F95-461F-9CB0-F0845B045349}.Debug_Static|Win32.Build.0 = Debug|Win32
		{5CE66210-5F95-461F-9CB0-F0845B045349}.Debug_Static|x64.ActiveCfg = Debug|Win32
		{5CE66210-5F95-461F-9CB0-F0845B045349}.Debug|Win32.ActiveCfg = Debug|Win32
		{5CE66210-5F95-461F-9CB0-F0845B045349}.Debug|Win32.Build.0 = Debug|Win32
		{5CE66210-5F95-461F-9CB0-F0845B045349}.Debug|x64.ActiveCfg = Debug|Win32
		{5CE66210-5F95-461F-9CB0-F0845B045349}.Release MX|Win32.ActiveCfg = Release|Win32
		{5CE66210-5F95-461F-9CB0-F0845B045349}.Release MX|Win32.Build.0 = Release|Win32
		{5CE66210-5F95-461F-9CB0-F0845B045349}.Release MX|x64.ActiveCfg = Release|Win32
		{5CE66210-5F95-461F-9CB0-F0845B045349}.Release_Static|Win32.ActiveCfg = Release|Win32
		{5CE66210-5F95-461F-9CB0-F0845B045349}.Release_Static|Win32.Build.0 = Release|Win32
		{5CE66210-5F95-461F-9CB0-F0845B045349}.Release_Static|x64.ActiveCfg = Release|Win32
		{5CE66210-5F95-461F-9CB0-F0845B045349}.Release|Win32.ActiveCfg = Release|Win32
		{5CE66210-5F95-461F-9CB0-F0845B045349}.Release|Win32.Build.0 = Release|Win32
		{5CE66210-5F95-461F-9CB0-F0845B045349}.Release|x64.ActiveCfg = Release|Win32
		{ED88DBAF-795E-4B00-B223-32B28E65A5ED}.Debug MX|Win32.ActiveCfg = Debug|Win32
		{ED88DBAF-795E-4B00-B223-32B28E65A5ED}.Debug MX|Win32.Build.0 = Debug|Win32
		{ED88DBAF-795E-4B00-B223-32B28E65A5ED}.Debug MX|x64.ActiveCfg = Debug|Win32
		{ED88DBAF-795E-4B00-B223-32B28E65A5ED}.Debug_Static|Win32.ActiveCfg = Debug|Win32
		{ED88DBAF-795E-4B00-B223-32B28E65A5ED}.Debug_Static|Win32.Build.0 = Debug|Win32
		{ED88DBAF-795E-4B00-B223-32B28E65A5ED}.Debug_Static|x64.ActiveCfg = Debug|Win32
		{ED88DBAF-795E-4B00-B223-32B28E65A5ED}.Debug|Win32.ActiveCfg = Debug|Win32
		{ED88DBAF-795E-4B00-B223-32B28E65A5ED}.Debug|Win32.Build.0 = Debug|Win32
		{ED88DBAF-795E-4B00-B223-32B28E65A5ED}.Debug|x64.ActiveCfg = Debug|Win32
		{ED88DBAF-795E-4B00-B223-32B28E65A5ED}.Release MX|Win32.ActiveCfg = Release|Win32
		{ED88DBAF-795E-4B00-B223-32B28E65A5ED}.Release MX|Win32.Build.0 = Release|Win32
		{ED88DBAF-795E-4B00-B223-32B28E65A5ED}.Release MX|x64.ActiveCfg = Release|Win32
		{ED88DBAF-795E-4B00-B223-32B28E65A5ED}.Release_Static|Win32.ActiveCfg = Release|Win32
		{ED88DBAF-795E-4B00-B223-32B28E65A5ED}.Release_Static|Win32.Build.0 = Release|Win32
		{ED88DBAF-795E-4B00-B223-32B28E65A5ED}.Release_Static|x64.ActiveCfg = Release|Win32
		{ED88DBAF-795E-4B00-B223-32B28E65A5ED}.Release|Win32.ActiveCfg = Release|Win32
		{ED88DBAF-795E-4B00-B223-32B28E65A5ED}.Release|Win32.Build.0 = Release|Win32
		{ED88DBAF-795E-4B00-B223-32B28E65A5ED}.Release|x64.ActiveCfg = Release|Win32
		{259FE6CF-4B33-469C-A85B-86B9A3C555C1}.Debug MX|Win32.ActiveCfg = Debug|Win32
		{259FE6CF-4B33-469C-A85B-86B9A3C555C1}.Debug MX|Win32.Build.0 = Debug|Win32
		{259FE6CF-4B33-469C-A85B-86B9A3C555C1}.Debug MX|x64.ActiveCfg = Debug|Win32
		{259FE6CF-4B33-469C-A85B-86B9A3C555C1}.Debug_Static|Win32.ActiveCfg = Debug|Win32
		{259FE6CF-4B33-469C-A85B-86B9A3C555C1}.Debug_Static|Win32.Build.0 = Debug|Win32
		{259FE6CF-4B33-469C-A85B-86B9A3C555C1}.Debug_Static|x64.ActiveCfg = Debug|Win32
		{259FE6CF-4B33-469C-A85B-86B9A3C555C1}.Debug|Win32.ActiveCfg = Debug|Win32
		{259FE6CF-4B33-469C-A85B-86B9A3C555C1}.Debug|Win32.Build.0 = Debug|Win32
		{259FE6CF-4B33-469C-A85B-86B9A3C555C1}.Debug|x64.ActiveCfg = Debug|Win32
		{259FE6CF-4B33-469C-A85B-86B9A3C555C1}.Release MX|Win32.ActiveCfg = Release|Win32
		{259FE6CF-4B33-469C-A85B-86B9A3C555C1}.Release MX|Win32.Build.0 = Release|Win32
		{259FE6CF-4B33-469C-A85B-86B9A3C555C1}.Release MX|x64.ActiveCfg = Release|Win32
		{259FE6CF-4B33-469C-A85B-86B9A3C555C1}.Release_Static|Win32.ActiveCfg = Release|Win32
		{259FE6CF-4B33-469C-A85B-86B9A3C555C1}.Release_Static|Win32.Build.0 = Release|Win32
		{259FE6CF-4B33-469C-A85B-86B9A3C555C1}.Release_Static|x64.ActiveCfg = Release|Win32
		{259FE6CF-4B33-469C-A85B-86B9A3C555C1}.Release|Win32.ActiveCfg = Release|Win32
		{259FE6CF-4B33-469C-A85B-86B9A3C555C1}.Release|Win32.Build.0 = Release|Win32
		{259FE6CF-4B33-469C-A85B-86B9A3C555C1}.Release|x64.ActiveCfg = Release|Win32
		{FF92D585-735C-499A-8F3C-EF1FA5C087FD}.Debug MX|Win32.ActiveCfg = Debug|Win32
		{FF92D585-735C-499A-8F3C-EF1FA5C087FD}.Debug MX|Win32.Build.0 = Debug|Win32
		{FF92D585-735C-499A-8F3C-EF1FA5C087FD}.Debug MX|x64.ActiveCfg = Debug|Win32
		{FF92D585-735C-499A-8F3C-EF1FA5C087FD}.Debug_Static|Win32.ActiveCfg = Debug|Win32
		{FF92D585-735C-499A-8F3C-EF1FA5C087FD}.Debug_Static|Win32.Build.0 = Debug|Win32
		{FF92D585-735C-499A-8F3C-EF1FA5C087FD}.Debug_Static|x64.ActiveCfg = Debug|Win32
		{FF92D585-735C-499A-8F3C-EF1FA5C087FD}.Debug|Win32.ActiveCfg = Debug|Win32
		{FF92D585-735C-499A-8F3C-EF1FA5C087FD}.Debug|Win32.Build.0 = Debug|Win32
		{FF92D585-735C-499A-8F3C-EF1FA5C087FD}.Debug|x64.ActiveCfg = Debug|Win32
		{FF92D585-735C-499A-8F3C-EF1FA5C087FD}.Release MX|Win32.ActiveCfg = Release|Win32
		{FF92D585-735C-499A-8F3C-EF1FA5C087FD}.Release MX|Win32.Build.0 = Release|Win32
		{FF92D585-735C-499A-8F3C-EF1FA5C087FD}.Release MX|x64.ActiveCfg = Release|Win32
		{FF92D585-735C-499A-8F3C-EF1FA5C087FD}.Release_Static|Win32.ActiveCfg = Release|Win32
		{FF92D585-735C-499A-8F3C-EF1FA5C087FD}.Release_Static|Win32.Build.0 = Release|Win32
		{FF92D585-735C-499A-8F3C-EF1FA5C087FD}.Release_Static|x64.ActiveCfg = Release|Win32
		{FF92D585-735C-499A-8F3C-EF1FA5C087FD}.Release|Win32.ActiveCfg = Release|Win32
		{FF92D585-735C-499A-8F3C-EF1FA5C087FD}.Release|Win32.Build.0 = Release|Win32
		{FF92D585-735C-499A-8F3C-EF1FA5C087FD}.Release|x64.ActiveCfg = Release|Win32
		{40B3CB8D-141E-4658-8466-E6AB26D8B376}.Debug MX|Win32.ActiveCfg = Debug|Win32
		{40B3CB8D-141E-4658-8466-E6AB26D8B376}.Debug MX|Win32.Build.0 = Debug|Win32
		{40B3CB8D-141E-4658-8466-E6AB26D8B376}.Debug MX|x64.ActiveCfg = Debug|Win32
		{40B3CB8D-141E-4658-8466-E6AB26D8B376}.Debug_Static|Win32.ActiveCfg = Debug|Win32
		{40B3CB8D-141E-4658-8466-E6AB26D8B376}.Debug_Static|Win32.Build.0 = Debug|Win32
		{40B3CB8D-141E-4658-8466-E6AB26D8B376}.Debug_Static|x64.ActiveCfg = Debug|Win32
		{40B3CB8D-141E-4658-8466-E6AB26D8B376}.Debug|Win32.ActiveCfg = Debug|Win32
		{40B3CB8D-141E-4658-8466-E6AB26D8B376}.Debug|Win32.Build.0 = Debug|Win32
		{40B3CB8D-141E-4658-8466-E6AB26D8B376}.Debug|x64.ActiveCfg = Debug|Win32
		{40B3CB8D-141E-4658-8466-E6AB26D8B376}.Release MX|Win32.ActiveCfg = Release|Win32
		{40B3CB8D-141E-4658-8466-E6AB26D8B376}.Release MX|Win32.Build.0 = Release|Win32
		{40B3CB8D-141E-4658-8466-E6AB26D8B376}.Release MX|x64.ActiveCfg = Release|Win32
		{40B3CB8D-141E-4658-8466-E6AB26D8B376}.Release_Static|Win32.ActiveCfg = Release|Win32
		{40B3CB8D-141E-4658-8466-E6AB26D8B376}.Release_Static|Win32.Build.0 = Release|Win32
		{40B3CB8D-141E-4658-8466-E6AB26D8B376}.Release_Static|x64.ActiveCfg = Release|Win32
		{40B3CB8D-141E-4658-8466-E6AB26D8B376}.Release|Win32.ActiveCfg = Release|Win32
		{40B3CB8D-141E-4658-8466-E6AB26D8B376}.Release|Win32.Build.0 = Release|Win32
		{40B3CB8D-141E-4658-8466-E6AB26D8B376}.Release|x64.ActiveCfg = Release|Win32
		{89331F2F-6444-462C-A954-42E0BC2DCAB5}.Debug MX|Win32.ActiveCfg = Debug|Win32
		{89331F2F-6444-462C-A954-42E0BC2DCAB5}.Debug MX|Win32.Build.0 = Debug|Win32
		{89331F2F-6444-462C-A954-42E0BC2DCAB5}.Debug MX|x64.ActiveCfg = Debug|Win32
		{89331F2F-6444-462C-A954-42E0BC2DCAB5}.Debug_Static|Win32.ActiveCfg = Debug|Win32
		{89331F2F-6444-462C-A954-42E0BC2DCAB5}.Debug_Static|Win32.Build.0 = Debug|Win32
		{89331F2F-6444-462C-A954-42E0BC2DCAB5}.Debug_Static|x64.ActiveCfg = Debug|Win32
		{89331F2F-6444-462C-A954-42E0BC2DCAB5}.Debug|Win32.ActiveCfg = Debug|Win32
		{89331F2F-6444-462C-A954-42E0BC2DCAB5}.Debug|Win32.Build.0 = Debug|Win32
		{89331F2F-6444-462C-A954-42E0BC2DCAB5}.Debug|x64.ActiveCfg = Debug|Win32
		{89331F2F-6444-462C-A954-42E0BC2DCAB5}.Release MX|Win32.ActiveCfg = Release|Win32
		{89331F2F-6444-462C-A954-42E0BC2DCAB5}.Release MX|Win32.Build.0 = Release|Win32
		{89331F2F-6444-462C-A954-42E0BC2DCAB5}.Release MX|x64.ActiveCfg = Release|Win32
		{89331F2F-6444-462C-A954-42E0BC2DCAB5}.Release_Static|Win32.ActiveCfg = Release|Win32
		{89331F2F-6444-462C-A954-42E0BC2DCAB5}.Release_Static|Win32.Build.0 = Release|Win32
		{89331F2F-6444-462C-A954-42E0BC2DCAB5}.Release_Static|x64.ActiveCfg = Release|Win32
		{89331F2F-6444-462C-A954-42E0BC2DCAB5}.Release|Win32.ActiveCfg = Release|Win32
		{89331F2F-6444-462C-A954-42E0BC2DCAB5}.Release|Win32.Build.0 = Release|Win32
		{89331F2F-6444-462C-A954-42E0BC2DCAB5}.Release|x64.ActiveCfg = Release|Win32
		{62DF7245-5175-4EC4-9A9A-3B541F9069D4}.Debug MX|Win32.ActiveCfg = Debug|Win32
		{62DF7245-5175-4EC4-9A9A-3B541F9069D4}.Debug MX|Win32.Build.0 = Debug|Win32
		{62DF7245-5175-4EC4-9A9A-3B541F9069D4}.Debug MX|Win32.Deploy.0 = Debug|Win32
		{62DF7245-5175-4EC4-9A9A-3B541F9069D4}.Debug MX|x64.ActiveCfg = Debug|Win32
		{62DF7245-5175-4EC4-9A9A-3B541F9069D4}.Debug_Static|Win32.ActiveCfg = Debug|Win32
		{62DF7245-5175-4EC4-9A9A-3B541F9069D4}.Debug_Static|Win32.Build.0 = Debug|Win32
		{62DF7245-5175-4EC4-9A9A-3B541F9069D4}.Debug_Static|Win32.Deploy.0 = Debug|Win32
		{62DF7245-5175-4EC4-9A9A-3B541F9069D4}.Debug_Static|x64.ActiveCfg = Debug|Win32
		{62DF7245-5175-4EC4-9A9A-3B541F9069D4}.Debug|Win32.ActiveCfg = Debug|Win32
		{62DF7245-5175-4EC4-9A9A-3B541F9069D4}.Debug|Win32.Build.0 = Debug|Win32
		{62DF7245-5175-4EC4-9A9A-3B541F9069D4}.Debug|Win32.Deploy.0 = Debug|Win32
		{62DF7245-5175-4EC4-9A9A-3B541F9069D4}.Debug|x64.ActiveCfg = Debug|Win32
		{62DF7245-5175-4EC4-9A9A-3B541F9069D4}.Release MX|Win32.ActiveCfg = Release|Win32
		{62DF7245-5175-4EC4-9A9A-3B541F9069D4}.Release MX|Win32.Build.0 = Release|Win32
		{62DF7245-5175-4EC4-9A9A-3B541F9069D4}.Release MX|Win32.Deploy.0 = Release|Win32
		{62DF7245-5175-4EC4-9A9A-3B541F9069D4}.Release MX|x64.ActiveCfg = Release|Win32
		{62DF7245-5175-4EC4-9A9A-3B541F9069D4}.Release_Static|Win32.ActiveCfg = Release|Win32
		{62DF7245-5175-4EC4-9A9A-3B541F9069D4}.Release_Static|Win32.Build.0 = Release|Win32
		{62DF7245-5175-4EC4-9A9A-3B541F9069D4}.Release_Static|Win32.Deploy.0 = Release|Win32
		{62DF7245-5175-4EC4-9A9A-3B541F9069D4}.Release_Static|x64.ActiveCfg = Release|Win32
		{62DF7245-5175-4EC4-9A9A-3B541F9069D4}.Release|Win32.ActiveCfg = Release|Win32
		{62DF7245-5175-4EC4-9A9A-3B541F9069D4}.Release|Win32.Build.0 = Release|Win32
		{62DF7245-5175-4EC4-9A9A-3B541F9069D4}.Release|Win32.Deploy.0 = Release|Win32
		{62DF7245-5175-4EC4-9A9A-3B541F9069D4}.Release|x64.ActiveCfg = Release|Win32
		{04BB0F15-5D0B-4EBB-BBE7-A691EB04C6F0}.Debug MX|Win32.ActiveCfg = Debug|Win32
		{04BB0F15-5D0B-4EBB-BBE7-A691EB04C6F0}.Debug MX|Win32.Build.0 = Debug|Win32
		{04BB0F15-5D0B-4EBB-BBE7-A691EB04C6F0}.Debug MX|x64.ActiveCfg = Debug|Win32
		{04BB0F15-5D0B-4EBB-BBE7-A691EB04C6F0}.Debug_Static|Win32.ActiveCfg = Debug|Win32
		{04BB0F15-5D0B-4EBB-BBE7-A691EB04C6F0}.Debug_Static|Win32.Build.0 = Debug|Win32
		{04BB0F15-5D0B-4EBB-BBE7-A691EB04C6F0}.Debug_Static|x64.ActiveCfg = Debug|Win32
		{04BB0F15-5D0B-4EBB-BBE7-A691EB04C6F0}.Debug|Win32.ActiveCfg = Debug|Win32
		{04BB0F15-5D0B-4EBB-BBE7-A691EB04C6F0}.Debug|Win32.Build.0 = Debug|Win32
		{04BB0F15-5D0B-4EBB-BBE7-A691EB04C6F0}.Debug|x64.ActiveCfg = Debug|Win32
		{04BB0F15-5D0B-4EBB-BBE7-A691EB04C6F0}.Release MX|Win32.ActiveCfg = Release|Win32
		{04BB0F15-5D0B-4EBB-BBE7-A691EB04C6F0}.Release MX|Win32.Build.0 = Release|Win32
		{04BB0F15-5D0B-4EBB-BBE7-A691EB04C6F0}.Release MX|x64.ActiveCfg = Release|Win32
		{04BB0F15-5D0B-4EBB-BBE7-A691EB04C6F0}.Release_Static|Win32.ActiveCfg = Release|Win32
		{04BB0F15-5D0B-4EBB-BBE7-A691EB04C6F0}.Release_Static|Win32.Build.0 = Release|Win32
		{04BB0F15-5D0B-4EBB-BBE7-A691EB04C6F0}.Release_Static|x64.ActiveCfg = Release|Win32
		{04BB0F15-5D0B-4EBB-BBE7-A691EB04C6F0}.Release|Win32.ActiveCfg = Release|Win32
		{04BB0F15-5D0B-4EBB-BBE7-A691EB04C6F0}.Release|Win32.Build.0 = Release|Win32
		{04BB0F15-5D0B-4EBB-BBE7-A691EB04C6F0}.Release|x64.ActiveCfg = Release|Win32
		{5B9CB6B5-2B99-4A18-9476-2852CBEBE4DB}.Debug MX|Win32.ActiveCfg = Debug|Win32
		{5B9CB6B5-2B99-4A18-9476-2852CBEBE4DB}.Debug MX|Win32.Build.0 = Debug|Win32
		{5B9CB6B5-2B99-4A18-9476-2852CBEBE4DB}.Debug MX|x64.ActiveCfg = Debug|Win32
		{5B9CB6B5-2B99-4A18-9476-2852CBEBE4DB}.Debug_Static|Win32.ActiveCfg = Debug|Win32
		{5B9CB6B5-2B99-4A18-9476-2852CBEBE4DB}.Debug_Static|Win32.Build.0 = Debug|Win32
		{5B9CB6B5-2B99-4A18-9476-2852CBEBE4DB}.Debug_Static|x64.ActiveCfg = Debug|Win32
		{5B9CB6B5-2B99-4A18-9476-2852CBEBE4DB}.Debug|Win32.ActiveCfg = Debug|Win32
		{5B9CB6B5-2B99-4A18-9476-2852CBEBE4DB}.Debug|Win32.Build.0 = Debug|Win32
		{5B9CB6B5-2B99-4A18-9476-2852CBEBE4DB}.Debug|x64.ActiveCfg = Debug|Win32
		{5B9CB6B5-2B99-4A18-9476-2852CBEBE4DB}.Release MX|Win32.ActiveCfg = Release|Win32
		{5B9CB6B5-2B99-4A18-9476-2852CBEBE4DB}.Release MX|Win32.Build.0 = Release|Win32
		{5B9CB6B5-2B99-4A18-9476-2852CBEBE4DB}.Release MX|x64.ActiveCfg = Release|Win32
		{5B9CB6B5-2B99-4A18-9476-2852CBEBE4DB}.Release_Static|Win32.ActiveCfg = Release|Win32
		{5B9CB6B5-2B99-4A18-9476-2852CBEBE4DB}.Release_Static|Win32.Build.0 = Release|Win32
		{5B9CB6B5-2B99-4A18-9476-2852CBEBE4DB}.Release_Static|x64.ActiveCfg = Release|Win32
		{5B9CB6B5-2B99-4A18-9476-2852CBEBE4DB}.Release|Win32.ActiveCfg = Release|Win32
		{5B9CB6B5-2B99-4A18-9476-2852CBEBE4DB}.Release|Win32.Build.0 = Release|Win32
		{5B9CB6B5-2B99-4A18-9476-2852CBEBE4DB}.Release|x64.ActiveCfg = Release|Win32
		{06807859-C8EA-4B87-9E72-46FE532023E5}.Debug MX|Win32.ActiveCfg = Debug|Win32
		{06807859-C8EA-4B87-9E72-46FE532023E5}.Debug MX|Win32.Build.0 = Debug|Win32
		{06807859-C8EA-4B87-9E72-46FE532023E5}.Debug MX|x64.ActiveCfg = Debug|Win32
		{06807859-C8EA-4B87-9E72-46FE532023E5}.Debug_Static|Win32.ActiveCfg = Debug|Win32
		{06807859-C8EA-4B87-9E72-46FE532023E5}.Debug_Static|Win32.Build.0 = Debug|Win32
		{06807859-C8EA-4B87-9E72-46FE532023E5}.Debug_Static|x64.ActiveCfg = Debug|Win32
		{06807859-C8EA-4B87-9E72-46FE532023E5}.Debug|Win32.ActiveCfg = Debug|Win32
		{06807859-C8EA-4B87-9E72-46FE532023E5}.Debug|Win32.Build.0 = Debug|Win32
		{06807859-C8EA-4B87-9E72-46FE532023E5}.Debug|x64.ActiveCfg = Debug|Win32
		{06807859-C8EA-4B87-9E72-46FE532023E5}.Release MX|Win32.ActiveCfg = Release|Win32
		{06807859-C8EA-4B87-9E72-46FE532023E5}.Release MX|Win32.Build.0 = Release|Win32
		{06807859-C8EA-4B87-9E72-46FE532023E5}.Release MX|x64.ActiveCfg = Release|Win32
		{06807859-C8EA-4B87-9E72-46FE532023E5}.Release_Static|Win32.ActiveCfg = Release|Win32
		{06807859-C8EA-4B87-9E72-46FE532023E5}.Release_Static|Win32.Build.0 = Release|Win32
		{06807859-C8EA-4B87-9E72-46FE532023E5}.Release_Static|x64.ActiveCfg = Release|Win32
		{06807859-C8EA-4B87-9E72-46FE532023E5}.Release|Win32.ActiveCfg = Release|Win32
		{06807859-C8EA-4B87-9E72-46FE532023E5}.Release|Win32.Build.0 = Release|Win32
		{06807859-C8EA-4B87-9E72-46FE532023E5}.Release|x64.ActiveCfg = Release|Win32
		{943B0830-619B-4BD0-8744-7D4A4017EE2E}.Debug MX|Win32.ActiveCfg = Debug|Win32
		{943B0830-619B-4BD0-8744-7D4A4017EE2E}.Debug MX|Win32.Build.0 = Debug|Win32
		{943B0830-619B-4BD0-8744-7D4A4017EE2E}.Debug MX|x64.ActiveCfg = Debug|Win32
		{943B0830-619B-4BD0-8744-7D4A4017EE2E}.Debug_Static|Win32.ActiveCfg = Debug|Win32
		{943B0830-619B-4BD0-8744-7D4A4017EE2E}.Debug_Static|Win32.Build.0 = Debug|Win32
		{943B0830-619B-4BD0-8744-7D4A4017EE2E}.Debug_Static|x64.ActiveCfg = Debug|Win32
		{943B0830-619B-4BD0-8744-7D4A4017EE2E}.Debug|Win32.ActiveCfg = Debug|Win32
		{943B0830-619B-4BD0-8744-7D4A4017EE2E}.Debug|Win32.Build.0 = Debug|Win32
		{943B0830-619B-4BD0-8744-7D4A4017EE2E}.Debug|x64.ActiveCfg = Debug|Win32
		{943B0830-619B-4BD0-8744-7D4A4017EE2E}.Release MX|Win32.ActiveCfg = Release|Win32
		{943B0830-619B-4BD0-8744-7D4A4017EE2E}.Release MX|Win32.Build.0 = Release|Win32
		{943B0830-619B-4BD0-8744-7D4A4017EE2E}.Release MX|x64.ActiveCfg = Release|Win32
		{943B0830-619B-4BD0-8744-7D4A4017EE2E}.Release_Static|Win32.ActiveCfg = Release|Win32
		{943B0830-619B-4BD0-8744-7D4A4017EE2E}.Release_Static|Win32.Build.0 = Release|Win32
		{943B0830-619B-4BD0-8744-7D4A4017EE2E}.Release_Static|x64.ActiveCfg = Release|Win32
		{943B0830-619B-4BD0-8744-7D4A4017EE2E}.Release|Win32.ActiveCfg = Release|Win32
		{943B0830-619B-4BD0-8744-7D4A4017EE2E}.Release|Win32.Build.0 = Release|Win32
		{943B0830-619B-4BD0-8744-7D4A4017EE2E}.Release|x64.ActiveCfg = Release|Win32
		{DBB04607-54A6-4E1A-A8BE-E287AD0D1EF3}.Debug MX|Win32.ActiveCfg = Debug|Win32
		{DBB04607-54A6-4E1A-A8BE-E287AD0D1EF3}.Debug MX|Win32.Build.0 = Debug|Win32
		{DBB04607-54A6-4E1A-A8BE-E287AD0D1EF3}.Debug MX|x64.ActiveCfg = Debug|Win32
		{DBB04607-54A6-4E1A-A8BE-E287AD0D1EF3}.Debug_Static|Win32.ActiveCfg = Debug|Win32
		{DBB04607-54A6-4E1A-A8BE-E287AD0D1EF3}.Debug_Static|Win32.Build.0 = Debug|Win32
		{DBB04607-54A6-4E1A-A8BE-E287AD0D1EF3}.Debug_Static|x64.ActiveCfg = Debug|Win32
		{DBB04607-54A6-4E1A-A8BE-E287AD0D1EF3}.Debug|Win32.ActiveCfg = Debug|Win32
		{DBB04607-54A6-4E1A-A8BE-E287AD0D1EF3}.Debug|Win32.Build.0 = Debug|Win32
		{DBB04607-54A6-4E1A-A8BE-E287AD0D1EF3}.Debug|x64.ActiveCfg = Debug|Win32
		{DBB04607-54A6-4E1A-A8BE-E287AD0D1EF3}.Release MX|Win32.ActiveCfg = Release|Win32
		{DBB04607-54A6-4E1A-A8BE-E287AD0D1EF3}.Release MX|Win32.Build.0 = Release|Win32
		{DBB04607-54A6-4E1A-A8BE-E287AD0D1EF3}.Release MX|x64.ActiveCfg = Release|Win32
		{DBB04607-54A6-4E1A-A8BE-E287AD0D1EF3}.Release_Static|Win32.ActiveCfg = Release|Win32
		{DBB04607-54A6-4E1A-A8BE-E287AD0D1EF3}.Release_Static|Win32.Build.0 = Release|Win32
		{DBB04607-54A6-4E1A-A8BE-E287AD0D1EF3}.Release_Static|x64.ActiveCfg = Release|Win32
		{DBB04607-54A6-4E1A-A8BE-E287AD0D1EF3}.Release|Win32.ActiveCfg = Release|Win32
		{DBB04607-54A6-4E1A-A8BE-E287AD0D1EF3}.Release|Win32.Build.0 = Release|Win32
		{DBB04607-54A6-4E1A-A8BE-E287AD0D1EF3}.Release|x64.ActiveCfg = Release|Win32
		{EAC49BBC-971D-43C0-9F8D-AB8B3E2628C0}.Debug MX|Win32.ActiveCfg = Debug|Win32
		{EAC49BBC-971D-43C0-9F8D-AB8B3E2628C0}.Debug MX|Win32.Build.0 = Debug|Win32
		{EAC49BBC-971D-43C0-9F8D-AB8B3E2628C0}.Debug MX|x64.ActiveCfg = Debug|Win32
		{EAC49BBC-971D-43C0-9F8D-AB8B3E2628C0}.Debug_Static|Win32.ActiveCfg = Debug|Win32
		{EAC49BBC-971D-43C0-9F8D-AB8B3E2628C0}.Debug_Static|Win32.Build.0 = Debug|Win32
		{EAC49BBC-971D-43C0-9F8D-AB8B3E2628C0}.Debug_Static|x64.ActiveCfg = Debug|Win32
		{EAC49BBC-971D-43C0-9F8D-AB8B3E2628C0}.Debug|Win32.ActiveCfg = Debug|Win32
		{EAC49BBC-971D-43C0-9F8D-AB8B3E2628C0}.Debug|Win32.Build.0 = Debug|Win32
		{EAC49BBC-971D-43C0-9F8D-AB8B3E2628C0}.Debug|x64.ActiveCfg = Debug|Win32
		{EAC49BBC-971D-43C0-9F8D-AB8B3E2628C0}.Release MX|Win32.ActiveCfg = Release|Win32
		{EAC49BBC-971D-43C0-9F8D-AB8B3E2628C0}.Release MX|Win32.Build.0 = Release|Win32
		{EAC49BBC-971D-43C0-9F8D-AB8B3E2628C0}.Release MX|x64.ActiveCfg = Release|Win32
		{EAC49BBC-971D-43C0-9F8D-AB8B3E2628C0}.Release_Static|Win32.ActiveCfg = Release|Win32
		{EAC49BBC-971D-43C0-9F8D-AB8B3E2628C0}.Release_Static|Win32.Build.0 = Release|Win32
		{EAC49BBC-971D-43C0-9F8D-AB8B3E2628C0}.Release_Static|x64.ActiveCfg = Release|Win32
		{EAC49BBC-971D-43C0-9F8D-AB8B3E2628C0}.Release|Win32.ActiveCfg = Release|Win32
		{EAC49BBC-971D-43C0-9F8D-AB8B3E2628C0}.Release|Win32.Build.0 = Release|Win32
		{EAC49BBC-971D-43C0-9F8D-AB8B3E2628C0}.Release|x64.ActiveCfg = Release|Win32
		{491227BB-E2E4-4DDC-8D41-83F5D4969A22}.Debug MX|Win32.ActiveCfg = Debug|Win32
		{491227BB-E2E4-4DDC-8D41-83F5D4969A22}.Debug MX|Win32.Build.0 = Debug|Win32
		{491227BB-E2E4-4DDC-8D41-83F5D4969A22}.Debug MX|x64.ActiveCfg = Debug|Win32
		{491227BB-E2E4-4DDC-8D41-83F5D4969A22}.Debug_Static|Win32.ActiveCfg = Debug|Win32
		{491227BB-E2E4-4DDC-8D41-83F5D4969A22}.Debug_Static|Win32.Build.0 = Debug|Win32
		{491227BB-E2E4-4DDC-8D41-83F5D4969A22}.Debug_Static|x64.ActiveCfg = Debug|Win32
		{491227BB-E2E4-4DDC-8D41-83F5D4969A22}.Debug|Win32.ActiveCfg = Debug|Win32
		{491227BB-E2E4-4DDC-8D41-83F5D4969A22}.Debug|Win32.Build.0 = Debug|Win32
		{491227BB-E2E4-4DDC-8D41-83F5D4969A22}.Debug|x64.ActiveCfg = Debug|Win32
		{491227BB-E2E4-4DDC-8D41-83F5D4969A22}.Release MX|Win32.ActiveCfg = Release|Win32
		{491227BB-E2E4-4DDC-8D41-83F5D4969A22}.Release MX|Win32.Build.0 = Release|Win32
		{491227BB-E2E4-4DDC-8D41-83F5D4969A22}.Release MX|x64.ActiveCfg = Release|Win32
		{491227BB-E2E4-4DDC-8D41-83F5D4969A22}.Release_Static|Win32.ActiveCfg = Release|Win32
		{491227BB-E2E4-4DDC-8D41-83F5D4969A22}.Release_Static|Win32.Build.0 = Release|Win32
		{491227BB-E2E4-4DDC-8D41-83F5D4969A22}.Release_Static|x64.ActiveCfg = Release|Win32
		{491227BB-E2E4-4DDC-8D41-83F5D4969A22}.Release|Win32.ActiveCfg = Release|Win32
		{491227BB-E2E4-4DDC-8D41-83F5D4969A22}.Release|Win32.Build.0 = Release|Win32
		{491227BB-E2E4-4DDC-8D41-83F5D4969A22}.Release|x64.ActiveCfg = Release|Win32
		{84C2FCC4-1FBC-4914-BD5A-94F03FA543E6}.Debug MX|Win32.ActiveCfg = Debug|Win32
		{84C2FCC4-1FBC-4914-BD5A-94F03FA543E6}.Debug MX|Win32.Build.0 = Debug|Win32
		{84C2FCC4-1FBC-4914-BD5A-94F03FA543E6}.Debug MX|x64.ActiveCfg = Debug|Win32
		{84C2FCC4-1FBC-4914-BD5A-94F03FA543E6}.Debug_Static|Win32.ActiveCfg = Debug|Win32
		{84C2FCC4-1FBC-4914-BD5A-94F03FA543E6}.Debug_Static|Win32.Build.0 = Debug|Win32
		{84C2FCC4-1FBC-4914-BD5A-94F03FA543E6}.Debug_Static|x64.ActiveCfg = Debug|Win32
		{84C2FCC4-1FBC-4914-BD5A-94F03FA543E6}.Debug|Win32.ActiveCfg = Debug|Win32
		{84C2FCC4-1FBC-4914-BD5A-94F03FA543E6}.Debug|Win32.Build.0 = Debug|Win32
		{84C2FCC4-1FBC-4914-BD5A-94F03FA543E6}.Debug|x64.ActiveCfg = Debug|Win32
		{84C2FCC4-1FBC-4914-BD5A-94F03FA543E6}.Release MX|Win32.ActiveCfg = Release|Win32
		{84C2FCC4-1FBC-4914-BD5A-94F03FA543E6}.Release MX|Win32.Build.0 = Release|Win32
		{84C2FCC4-1FBC-4914-BD5A-94F03FA543E6}.Release MX|x64.ActiveCfg = Release|Win32
		{84C2FCC4-1FBC-4914-BD5A-94F03FA543E6}.Release_Static|Win32.ActiveCfg = Release|Win32
		{84C2FCC4-1FBC-4914-BD5A-94F03FA543E6}.Release_Static|Win32.Build.0 = Release|Win32
		{84C2FCC4-1FBC-4914-BD5A-94F03FA543E6}.Release_Static|x64.ActiveCfg = Release|Win32
		{84C2FCC4-1FBC-4914-BD5A-94F03FA543E6}.Release|Win32.ActiveCfg = Release|Win32
		{84C2FCC4-1FBC-4914-BD5A-94F03FA543E6}.Release|Win32.Build.0 = Release|Win32
		{84C2FCC4-1FBC-4914-BD5A-94F03FA543E6}.Release|x64.ActiveCfg = Release|Win32
		{D11130A3-0260-47AC-B975-39B5D29BF095}.Debug MX|Win32.ActiveCfg = Debug|Win32
		{D11130A3-0260-47AC-B975-39B5D29BF095}.Debug MX|Win32.Build.0 = Debug|Win32
		{D11130A3-0260-47AC-B975-39B5D29BF095}.Debug MX|x64.ActiveCfg = Debug|Win32
		{D11130A3-0260-47AC-B975-39B5D29BF095}.Debug_Static|Win32.ActiveCfg = Debug|Win32
		{D11130A3-0260-47AC-B975-39B5D29BF095}.Debug_Static|Win32.Build.0 = Debug|Win32
		{D11130A3-0260-47AC-B975-39B5D29BF095}.Debug_Static|x64.ActiveCfg = Debug|Win32
		{D11130A3-0260-47AC-B975-39B5D29BF095}.Debug|Win32.ActiveCfg = Debug|Win32
		{D11130A3-0260-47AC-B975-39B5D29BF095}.Debug|Win32.Build.0 = Debug|Win32
		{D11130A3-0260-47AC-B975-39B5D29BF095}.Debug|x64.ActiveCfg = Debug|Win32
		{D11130A3-0260-47AC-B975-39B5D29BF095}.Release MX|Win32.ActiveCfg = Release|Win32
		{D11130A3-0260-47AC-B975-39B5D29BF095}.Release MX|Win32.Build.0 = Release|Win32
		{D11130A3-0260-47AC-B975-39B5D29BF095}.Release MX|x64.ActiveCfg = Release|Win32
		{D11130A3-0260-47AC-B975-39B5D29BF095}.Release_Static|Win32.ActiveCfg = Release|Win32
		{D11130A3-0260-47AC-B975-39B5D29BF095}.Release_Static|Win32.Build.0 = Release|Win32
		{D11130A3-0260-47AC-B975-39B5D29BF095}.Release_Static|x64.ActiveCfg = Release|Win32
		{D11130A3-0260-47AC-B975-39B5D29BF095}.Release|Win32.ActiveCfg = Release|Win32
		{D11130A3-0260-47AC-B975-39B5D29BF095}.Release|Win32.Build.0 = Release|Win32
		{D11130A3-0260-47AC-B975-39B5D29BF095}.Release|x64.ActiveCfg = Release|Win32
		{67342613-E2E9-4FE4-9D9E-265F49AB299A}.Debug MX|Win32.ActiveCfg = Debug|Win32
		{67342613-E2E9-4FE4-9D9E-265F49AB299A}.Debug MX|Win32.Build.0 = Debug|Win32
		{67342613-E2E9-4FE4-9D9E-265F49AB299A}.Debug MX|x64.ActiveCfg = Debug|Win32
		{67342613-E2E9-4FE4-9D9E-265F49AB299A}.Debug_Static|Win32.ActiveCfg = Debug|Win32
		{67342613-E2E9-4FE4-9D9E-265F49AB299A}.Debug_Static|Win32.Build.0 = Debug|Win32
		{67342613-E2E9-4FE4-9D9E-265F49AB299A}.Debug_Static|x64.ActiveCfg = Debug|Win32
		{67342613-E2E9-4FE4-9D9E-265F49AB299A}.Debug|Win32.ActiveCfg = Debug|Win32
		{67342613-E2E9-4FE4-9D9E-265F49AB299A}.Debug|Win32.Build.0 = Debug|Win32
		{67342613-E2E9-4FE4-9D9E-265F49AB299A}.Debug|x64.ActiveCfg = Debug|Win32
		{67342613-E2E9-4FE4-9D9E-265F49AB299A}.Release MX|Win32.ActiveCfg = Release|Win32
		{67342613-E2E9-4FE4-9D9E-265F49AB299A}.Release MX|Win32.Build.0 = Release|Win32
		{67342613-E2E9-4FE4-9D9E-265F49AB299A}.Release MX|x64.ActiveCfg = Release|Win32
		{67342613-E2E9-4FE4-9D9E-265F49AB299A}.Release_Static|Win32.ActiveCfg = Release|Win32
		{67342613-E2E9-4FE4-9D9E-265F49AB299A}.Release_Static|Win32.Build.0 = Release|Win32
		{67342613-E2E9-4FE4-9D9E-265F49AB299A}.Release_Static|x64.ActiveCfg = Release|Win32
		{67342613-E2E9-4FE4-9D9E-265F49AB299A}.Release|Win32.ActiveCfg = Release|Win32
		{67342613-E2E9-4FE4-9D9E-265F49AB299A}.Release|Win32.Build.0 = Release|Win32
		{67342613-E2E9-4FE4-9D9E-265F49AB299A}.Release|x64.ActiveCfg = Release|Win32
	EndGlobalSection
	GlobalSection(SolutionProperties) = preSolution
		HideSolutionNode = FALSE
	EndGlobalSection
	GlobalSection(NestedProjects) = preSolution
		{DD8881FB-EEE8-44DC-AABB-0868D9169D81} = {80FF9764-E2CF-4910-96CD-0937CBDC7046}
		{63368F06-5801-4A44-988B-78D7C052268F} = {80FF9764-E2CF-4910-96CD-0937CBDC7046}
		{2BA0FFA1-8F10-4E2B-AF0E-FADD77E7158D} = {6D76A734-4DA6-46BC-B688-00BFC1944BC2}
		{B07B47B9-364F-4F92-AC93-D0EFA3976154} = {6D76A734-4DA6-46BC-B688-00BFC1944BC2}
		{57CA74D1-05D7-41AC-805F-68E39C2B5CA3} = {6D76A734-4DA6-46BC-B688-00BFC1944BC2}
		{FB584ACB-DA2F-414C-8F7C-F75F22A77238} = {6D76A734-4DA6-46BC-B688-00BFC1944BC2}
		{D6E36D41-7D16-47D6-95B5-7FE33AAF7771} = {6D76A734-4DA6-46BC-B688-00BFC1944BC2}
		{A22F9C28-A64E-40F3-AA40-F4DE5AA90034} = {72F59635-D5F2-47FE-A434-13005FAEE347}
		{E4343A15-B53F-4E78-936D-EA84C8617538} = {72F59635-D5F2-47FE-A434-13005FAEE347}
		{D6F3FC71-C9ED-4BA2-83C4-DD0062A00354} = {72F59635-D5F2-47FE-A434-13005FAEE347}
		{A07DBDAB-F5CB-4F5F-8187-3E5BEF691908} = {72F59635-D5F2-47FE-A434-13005FAEE347}
		{183ACC38-0DD2-496F-A28F-7604105B4242} = {72F59635-D5F2-47FE-A434-13005FAEE347}
		{A5C4AE02-5D64-4975-99A6-CDE85C3878C0} = {4B6151D8-7333-4898-9100-97266903D824}
		{80B13209-99EE-4870-9A7C-2F5C4E119075} = {4B6151D8-7333-4898-9100-97266903D824}
		{B810A18D-6582-4321-9070-D6C0022D02E4} = {4B6151D8-7333-4898-9100-97266903D824}
		{5CE66210-5F95-461F-9CB0-F0845B045349} = {ED47B282-B240-47A8-B6C8-9C10A8C1813C}
		{ED88DBAF-795E-4B00-B223-32B28E65A5ED} = {ED47B282-B240-47A8-B6C8-9C10A8C1813C}
		{259FE6CF-4B33-469C-A85B-86B9A3C555C1} = {ED47B282-B240-47A8-B6C8-9C10A8C1813C}
		{FF92D585-735C-499A-8F3C-EF1FA5C087FD} = {ED47B282-B240-47A8-B6C8-9C10A8C1813C}
		{40B3CB8D-141E-4658-8466-E6AB26D8B376} = {ED47B282-B240-47A8-B6C8-9C10A8C1813C}
		{89331F2F-6444-462C-A954-42E0BC2DCAB5} = {ED47B282-B240-47A8-B6C8-9C10A8C1813C}
		{62DF7245-5175-4EC4-9A9A-3B541F9069D4} = {ED47B282-B240-47A8-B6C8-9C10A8C1813C}
		{04BB0F15-5D0B-4EBB-BBE7-A691EB04C6F0} = {ED47B282-B240-47A8-B6C8-9C10A8C1813C}
		{5B9CB6B5-2B99-4A18-9476-2852CBEBE4DB} = {472A0A85-CDE1-4B68-80B4-52D109A6B28A}
		{06807859-C8EA-4B87-9E72-46FE532023E5} = {472A0A85-CDE1-4B68-80B4-52D109A6B28A}
		{943B0830-619B-4BD0-8744-7D4A4017EE2E} = {472A0A85-CDE1-4B68-80B4-52D109A6B28A}
		{DBB04607-54A6-4E1A-A8BE-E287AD0D1EF3} = {472A0A85-CDE1-4B68-80B4-52D109A6B28A}
		{EAC49BBC-971D-43C0-9F8D-AB8B3E2628C0} = {472A0A85-CDE1-4B68-80B4-52D109A6B28A}
		{491227BB-E2E4-4DDC-8D41-83F5D4969A22} = {8668ABE5-9D50-4FC8-A948-D0D1B4359318}
		{84C2FCC4-1FBC-4914-BD5A-94F03FA543E6} = {8668ABE5-9D50-4FC8-A948-D0D1B4359318}
		{D11130A3-0260-47AC-B975-39B5D29BF095} = {8668ABE5-9D50-4FC8-A948-D0D1B4359318}
		{67342613-E2E9-4FE4-9D9E-265F49AB299A} = {9654558E-BA23-4805-A2C9-FE9BA6D75F1B}
	EndGlobalSection
EndGlobal
